
Microsoft Visual Studio Solution File, Format Version 12.00
# Visual Studio 15
VisualStudioVersion = 15.0.27130.2010
MinimumVisualStudioVersion = 10.0.40219.1
Project("{2150E333-8FDC-42A3-9474-1A3956D46DE8}") = "Engine", "Engine", "{21A95208-DE49-489F-BEAC-E12FAA214087}"
EndProject
Project("{2150E333-8FDC-42A3-9474-1A3956D46DE8}") = "Games", "Games", "{1978882B-A316-460C-ABC3-49B92ED9F559}"
EndProject
Project("{8BC9CEB8-8B4A-11D0-8D11-00A0C91BC942}") = "UE4", "Intermediate\ProjectFiles\UE4.vcxproj", "{F9A0ECFA-BB12-41B4-AAA3-350E19627572}"
EndProject
Project("{8BC9CEB8-8B4A-11D0-8D11-00A0C91BC942}") = "BuildingEscape", "Intermediate\ProjectFiles\BuildingEscape.vcxproj", "{E23A28F9-9658-4D04-973C-69D4EE52598A}"
EndProject
Global
	GlobalSection(SolutionConfigurationPlatforms) = preSolution
		DebugGame Editor|HTML5 = DebugGame Editor|HTML5
		DebugGame Editor|Win32 = DebugGame Editor|Win32
		DebugGame Editor|Win64 = DebugGame Editor|Win64
		DebugGame|HTML5 = DebugGame|HTML5
		DebugGame|Win32 = DebugGame|Win32
		DebugGame|Win64 = DebugGame|Win64
		Development Editor|HTML5 = Development Editor|HTML5
		Development Editor|Win32 = Development Editor|Win32
		Development Editor|Win64 = Development Editor|Win64
		Development|HTML5 = Development|HTML5
		Development|Win32 = Development|Win32
		Development|Win64 = Development|Win64
		Shipping|HTML5 = Shipping|HTML5
		Shipping|Win32 = Shipping|Win32
		Shipping|Win64 = Shipping|Win64
	EndGlobalSection
	GlobalSection(ProjectConfigurationPlatforms) = postSolution
		{F9A0ECFA-BB12-41B4-AAA3-350E19627572}.DebugGame Editor|HTML5.ActiveCfg = BuiltWithUnrealBuildTool|Win32
		{F9A0ECFA-BB12-41B4-AAA3-350E19627572}.DebugGame Editor|HTML5.Build.0 = BuiltWithUnrealBuildTool|Win32
		{F9A0ECFA-BB12-41B4-AAA3-350E19627572}.DebugGame Editor|Win32.ActiveCfg = BuiltWithUnrealBuildTool|Win32
		{F9A0ECFA-BB12-41B4-AAA3-350E19627572}.DebugGame Editor|Win32.Build.0 = BuiltWithUnrealBuildTool|Win32
		{F9A0ECFA-BB12-41B4-AAA3-350E19627572}.DebugGame Editor|Win64.ActiveCfg = BuiltWithUnrealBuildTool|Win32
		{F9A0ECFA-BB12-41B4-AAA3-350E19627572}.DebugGame Editor|Win64.Build.0 = BuiltWithUnrealBuildTool|Win32
		{F9A0ECFA-BB12-41B4-AAA3-350E19627572}.DebugGame|HTML5.ActiveCfg = BuiltWithUnrealBuildTool|Win32
		{F9A0ECFA-BB12-41B4-AAA3-350E19627572}.DebugGame|HTML5.Build.0 = BuiltWithUnrealBuildTool|Win32
		{F9A0ECFA-BB12-41B4-AAA3-350E19627572}.DebugGame|Win32.ActiveCfg = BuiltWithUnrealBuildTool|Win32
		{F9A0ECFA-BB12-41B4-AAA3-350E19627572}.DebugGame|Win32.Build.0 = BuiltWithUnrealBuildTool|Win32
		{F9A0ECFA-BB12-41B4-AAA3-350E19627572}.DebugGame|Win64.ActiveCfg = BuiltWithUnrealBuildTool|Win32
		{F9A0ECFA-BB12-41B4-AAA3-350E19627572}.DebugGame|Win64.Build.0 = BuiltWithUnrealBuildTool|Win32
		{F9A0ECFA-BB12-41B4-AAA3-350E19627572}.Development Editor|HTML5.ActiveCfg = BuiltWithUnrealBuildTool|Win32
		{F9A0ECFA-BB12-41B4-AAA3-350E19627572}.Development Editor|HTML5.Build.0 = BuiltWithUnrealBuildTool|Win32
		{F9A0ECFA-BB12-41B4-AAA3-350E19627572}.Development Editor|Win32.ActiveCfg = BuiltWithUnrealBuildTool|Win32
		{F9A0ECFA-BB12-41B4-AAA3-350E19627572}.Development Editor|Win32.Build.0 = BuiltWithUnrealBuildTool|Win32
		{F9A0ECFA-BB12-41B4-AAA3-350E19627572}.Development Editor|Win64.ActiveCfg = BuiltWithUnrealBuildTool|Win32
		{F9A0ECFA-BB12-41B4-AAA3-350E19627572}.Development Editor|Win64.Build.0 = BuiltWithUnrealBuildTool|Win32
		{F9A0ECFA-BB12-41B4-AAA3-350E19627572}.Development|HTML5.ActiveCfg = BuiltWithUnrealBuildTool|Win32
		{F9A0ECFA-BB12-41B4-AAA3-350E19627572}.Development|HTML5.Build.0 = BuiltWithUnrealBuildTool|Win32
		{F9A0ECFA-BB12-41B4-AAA3-350E19627572}.Development|Win32.ActiveCfg = BuiltWithUnrealBuildTool|Win32
		{F9A0ECFA-BB12-41B4-AAA3-350E19627572}.Development|Win32.Build.0 = BuiltWithUnrealBuildTool|Win32
		{F9A0ECFA-BB12-41B4-AAA3-350E19627572}.Development|Win64.ActiveCfg = BuiltWithUnrealBuildTool|Win32
		{F9A0ECFA-BB12-41B4-AAA3-350E19627572}.Development|Win64.Build.0 = BuiltWithUnrealBuildTool|Win32
		{F9A0ECFA-BB12-41B4-AAA3-350E19627572}.Shipping|HTML5.ActiveCfg = BuiltWithUnrealBuildTool|Win32
		{F9A0ECFA-BB12-41B4-AAA3-350E19627572}.Shipping|HTML5.Build.0 = BuiltWithUnrealBuildTool|Win32
		{F9A0ECFA-BB12-41B4-AAA3-350E19627572}.Shipping|Win32.ActiveCfg = BuiltWithUnrealBuildTool|Win32
		{F9A0ECFA-BB12-41B4-AAA3-350E19627572}.Shipping|Win32.Build.0 = BuiltWithUnrealBuildTool|Win32
		{F9A0ECFA-BB12-41B4-AAA3-350E19627572}.Shipping|Win64.ActiveCfg = BuiltWithUnrealBuildTool|Win32
		{F9A0ECFA-BB12-41B4-AAA3-350E19627572}.Shipping|Win64.Build.0 = BuiltWithUnrealBuildTool|Win32
		{E23A28F9-9658-4D04-973C-69D4EE52598A}.DebugGame Editor|HTML5.ActiveCfg = HTML5_DebugGame_Editor|Win32
		{E23A28F9-9658-4D04-973C-69D4EE52598A}.DebugGame Editor|Win32.ActiveCfg = DebugGame_Editor|Win32
		{E23A28F9-9658-4D04-973C-69D4EE52598A}.DebugGame Editor|Win64.ActiveCfg = DebugGame_Editor|x64
		{E23A28F9-9658-4D04-973C-69D4EE52598A}.DebugGame Editor|Win64.Build.0 = DebugGame_Editor|x64
		{E23A28F9-9658-4D04-973C-69D4EE52598A}.DebugGame|HTML5.ActiveCfg = HTML5_DebugGame_Game|Win32
		{E23A28F9-9658-4D04-973C-69D4EE52598A}.DebugGame|HTML5.Build.0 = HTML5_DebugGame_Game|Win32
		{E23A28F9-9658-4D04-973C-69D4EE52598A}.DebugGame|Win32.ActiveCfg = DebugGame_Game|Win32
		{E23A28F9-9658-4D04-973C-69D4EE52598A}.DebugGame|Win32.Build.0 = DebugGame_Game|Win32
		{E23A28F9-9658-4D04-973C-69D4EE52598A}.DebugGame|Win64.ActiveCfg = DebugGame_Game|x64
		{E23A28F9-9658-4D04-973C-69D4EE52598A}.DebugGame|Win64.Build.0 = DebugGame_Game|x64
		{E23A28F9-9658-4D04-973C-69D4EE52598A}.Development Editor|HTML5.ActiveCfg = HTML5_Development_Editor|Win32
		{E23A28F9-9658-4D04-973C-69D4EE52598A}.Development Editor|Win32.ActiveCfg = Development_Editor|Win32
		{E23A28F9-9658-4D04-973C-69D4EE52598A}.Development Editor|Win64.ActiveCfg = Development_Editor|x64
		{E23A28F9-9658-4D04-973C-69D4EE52598A}.Development Editor|Win64.Build.0 = Development_Editor|x64
		{E23A28F9-9658-4D04-973C-69D4EE52598A}.Development|HTML5.ActiveCfg = HTML5_Development_Game|Win32
		{E23A28F9-9658-4D04-973C-69D4EE52598A}.Development|HTML5.Build.0 = HTML5_Development_Game|Win32
		{E23A28F9-9658-4D04-973C-69D4EE52598A}.Development|Win32.ActiveCfg = Development_Game|Win32
		{E23A28F9-9658-4D04-973C-69D4EE52598A}.Development|Win32.Build.0 = Development_Game|Win32
		{E23A28F9-9658-4D04-973C-69D4EE52598A}.Development|Win64.ActiveCfg = Development_Game|x64
		{E23A28F9-9658-4D04-973C-69D4EE52598A}.Development|Win64.Build.0 = Development_Game|x64
		{E23A28F9-9658-4D04-973C-69D4EE52598A}.Shipping|HTML5.ActiveCfg = HTML5_Shipping_Game|Win32
		{E23A28F9-9658-4D04-973C-69D4EE52598A}.Shipping|HTML5.Build.0 = HTML5_Shipping_Game|Win32
		{E23A28F9-9658-4D04-973C-69D4EE52598A}.Shipping|Win32.ActiveCfg = Shipping_Game|Win32
		{E23A28F9-9658-4D04-973C-69D4EE52598A}.Shipping|Win32.Build.0 = Shipping_Game|Win32
		{E23A28F9-9658-4D04-973C-69D4EE52598A}.Shipping|Win64.ActiveCfg = Shipping_Game|x64
		{E23A28F9-9658-4D04-973C-69D4EE52598A}.Shipping|Win64.Build.0 = Shipping_Game|x64
	EndGlobalSection
	GlobalSection(SolutionProperties) = preSolution
		HideSolutionNode = FALSE
	EndGlobalSection
	GlobalSection(NestedProjects) = preSolution
		{F9A0ECFA-BB12-41B4-AAA3-350E19627572} = {21A95208-DE49-489F-BEAC-E12FAA214087}
		{E23A28F9-9658-4D04-973C-69D4EE52598A} = {1978882B-A316-460C-ABC3-49B92ED9F559}
	EndGlobalSection
	GlobalSection(ExtensibilityGlobals) = postSolution
		SolutionGuid = {E75A064E-1AFE-43D5-99C3-4D2F8FEEDE95}
	EndGlobalSection
EndGlobal
